
Microsoft Visual Studio Solution File, Format Version 12.00
# Visual Studio Version 17
VisualStudioVersion = 17.4.33213.308
MinimumVisualStudioVersion = 10.0.40219.1
Project("{9A19103F-16F7-4668-BE54-9A1E7A4F7556}") = "PhamMinhNhatWPF", "PhamMinhNhatWPF\PhamMinhNhatWPF.csproj", "{073DECEA-E312-4FE8-B76D-DB9B49F5EC2D}"
EndProject
Project("{9A19103F-16F7-4668-BE54-9A1E7A4F7556}") = "BusinessObjects", "BusinessObjects\BusinessObjects.csproj", "{D54C4C54-B461-44C5-BB12-653DB6E0F06E}"
EndProject
Project("{9A19103F-16F7-4668-BE54-9A1E7A4F7556}") = "DataAccess", "DataAccess\DataAccess.csproj", "{56372A4E-A7CA-49E3-A444-255DCE37E8CB}"
EndProject
Project("{9A19103F-16F7-4668-BE54-9A1E7A4F7556}") = "Repository", "Repository\Repository.csproj", "{26605A68-F38C-4194-A3A6-61CFE47C5595}"
EndProject
Project("{FAE04EC0-301F-11D3-BF4B-00C04F79EFBC}") = "ViewModel", "ViewModel\ViewModel.csproj", "{EF723E79-9575-431E-A21A-305F56A1C925}"
EndProject
Global
	GlobalSection(SolutionConfigurationPlatforms) = preSolution
		Debug|Any CPU = Debug|Any CPU
		Release|Any CPU = Release|Any CPU
	EndGlobalSection
	GlobalSection(ProjectConfigurationPlatforms) = postSolution
		{073DECEA-E312-4FE8-B76D-DB9B49F5EC2D}.Debug|Any CPU.ActiveCfg = Debug|Any CPU
		{073DECEA-E312-4FE8-B76D-DB9B49F5EC2D}.Debug|Any CPU.Build.0 = Debug|Any CPU
		{073DECEA-E312-4FE8-B76D-DB9B49F5EC2D}.Release|Any CPU.ActiveCfg = Release|Any CPU
		{073DECEA-E312-4FE8-B76D-DB9B49F5EC2D}.Release|Any CPU.Build.0 = Release|Any CPU
		{D54C4C54-B461-44C5-BB12-653DB6E0F06E}.Debug|Any CPU.ActiveCfg = Debug|Any CPU
		{D54C4C54-B461-44C5-BB12-653DB6E0F06E}.Debug|Any CPU.Build.0 = Debug|Any CPU
		{D54C4C54-B461-44C5-BB12-653DB6E0F06E}.Release|Any CPU.ActiveCfg = Release|Any CPU
		{D54C4C54-B461-44C5-BB12-653DB6E0F06E}.Release|Any CPU.Build.0 = Release|Any CPU
		{56372A4E-A7CA-49E3-A444-255DCE37E8CB}.Debug|Any CPU.ActiveCfg = Debug|Any CPU
		{56372A4E-A7CA-49E3-A444-255DCE37E8CB}.Debug|Any CPU.Build.0 = Debug|Any CPU
		{56372A4E-A7CA-49E3-A444-255DCE37E8CB}.Release|Any CPU.ActiveCfg = Release|Any CPU
		{56372A4E-A7CA-49E3-A444-255DCE37E8CB}.Release|Any CPU.Build.0 = Release|Any CPU
		{26605A68-F38C-4194-A3A6-61CFE47C5595}.Debug|Any CPU.ActiveCfg = Debug|Any CPU
		{26605A68-F38C-4194-A3A6-61CFE47C5595}.Debug|Any CPU.Build.0 = Debug|Any CPU
		{26605A68-F38C-4194-A3A6-61CFE47C5595}.Release|Any CPU.ActiveCfg = Release|Any CPU
		{26605A68-F38C-4194-A3A6-61CFE47C5595}.Release|Any CPU.Build.0 = Release|Any CPU
		{EF723E79-9575-431E-A21A-305F56A1C925}.Debug|Any CPU.ActiveCfg = Debug|Any CPU
		{EF723E79-9575-431E-A21A-305F56A1C925}.Debug|Any CPU.Build.0 = Debug|Any CPU
		{EF723E79-9575-431E-A21A-305F56A1C925}.Release|Any CPU.ActiveCfg = Release|Any CPU
		{EF723E79-9575-431E-A21A-305F56A1C925}.Release|Any CPU.Build.0 = Release|Any CPU
	EndGlobalSection
	GlobalSection(SolutionProperties) = preSolution
		HideSolutionNode = FALSE
	EndGlobalSection
	GlobalSection(ExtensibilityGlobals) = postSolution
		SolutionGuid = {778FF05E-C5C9-416F-9713-C6903F649951}
	EndGlobalSection
EndGlobal
